# This file is automatically @generated by Cargo.
# It is not intended for manual editing.
version = 4

[[package]]
name = "apxm-chat"
version = "0.1.0"

[[package]]
name = "apxm-cli"
version = "0.1.0"

[[package]]
name = "apxm-common"
version = "0.1.0"

[[package]]
name = "apxm-compiler"
version = "0.1.0"

[[package]]
name = "apxm-core"
version = "0.1.0"

[[package]]
name = "apxm-repl"
version = "0.1.0"

[[package]]
name = "apxm-runtime"
version = "0.1.0"
