{
  "nodes": {
    "nixpkgs": {
      "locked": {
        "lastModified": 1763334038,
        "narHash": "sha256-LBVOyaH6NFzQ3X/c6vfMZ9k4SV2ofhpxeL9YnhHNJQQ=",
        "rev": "4c8cdd5b1a630e8f72c9dd9bf582b1afb3127d2c",
        "revCount": 812880,
        "type": "tarball",
        "url": "https://api.flakehub.com/f/pinned/NixOS/nixpkgs/0.2505.812880%2Brev-4c8cdd5b1a630e8f72c9dd9bf582b1afb3127d2c/019a956f-8813-7585-b9a7-42f9e68d581e/source.tar.gz"
      },
      "original": {
        "type": "tarball",
        "url": "https://flakehub.com/f/NixOS/nixpkgs/0"
      }
    },
    "root": {
      "inputs": {
        "nixpkgs": "nixpkgs"
      }
    }
  },
  "root": "root",
  "version": 7
}
